
Microsoft Visual Studio Solution File, Format Version 12.00
# Visual Studio Version 17
VisualStudioVersion = 17.5.002.0
MinimumVisualStudioVersion = 10.0.40219.1
Project("{9A19103F-16F7-4668-BE54-9A1E7A4F7556}") = "Library", "Library\Library.csproj", "{7A40E075-5406-4064-BBF6-9CE2D82847FF}"
EndProject
Project("{9A19103F-16F7-4668-BE54-9A1E7A4F7556}") = "Program", "Program\Program.csproj", "{15D17EFB-0671-465F-AC5D-E10D395C89B9}"
EndProject
Global
	GlobalSection(SolutionConfigurationPlatforms) = preSolution
		Debug|Any CPU = Debug|Any CPU
		Release|Any CPU = Release|Any CPU
	EndGlobalSection
	GlobalSection(ProjectConfigurationPlatforms) = postSolution
		{7A40E075-5406-4064-BBF6-9CE2D82847FF}.Debug|Any CPU.ActiveCfg = Debug|Any CPU
		{7A40E075-5406-4064-BBF6-9CE2D82847FF}.Debug|Any CPU.Build.0 = Debug|Any CPU
		{7A40E075-5406-4064-BBF6-9CE2D82847FF}.Release|Any CPU.ActiveCfg = Release|Any CPU
		{7A40E075-5406-4064-BBF6-9CE2D82847FF}.Release|Any CPU.Build.0 = Release|Any CPU
		{15D17EFB-0671-465F-AC5D-E10D395C89B9}.Debug|Any CPU.ActiveCfg = Debug|Any CPU
		{15D17EFB-0671-465F-AC5D-E10D395C89B9}.Debug|Any CPU.Build.0 = Debug|Any CPU
		{15D17EFB-0671-465F-AC5D-E10D395C89B9}.Release|Any CPU.ActiveCfg = Release|Any CPU
		{15D17EFB-0671-465F-AC5D-E10D395C89B9}.Release|Any CPU.Build.0 = Release|Any CPU
	EndGlobalSection
	GlobalSection(SolutionProperties) = preSolution
		HideSolutionNode = FALSE
	EndGlobalSection
	GlobalSection(ExtensibilityGlobals) = postSolution
		SolutionGuid = {DE709C15-9E20-4DA2-B9D5-FB7B454DEB5E}
	EndGlobalSection
EndGlobal
